
Microsoft Visual Studio Solution File, Format Version 12.00
# Visual Studio Version 17
VisualStudioVersion = 17.3.32825.248
MinimumVisualStudioVersion = 10.0.40219.1
Project("{FAE04EC0-301F-11D3-BF4B-00C04F79EFBC}") = "01", "01\01.csproj", "{07268FDF-56E9-4EBB-B263-3F643D8B7DEC}"
EndProject
Project("{FAE04EC0-301F-11D3-BF4B-00C04F79EFBC}") = "02", "02\02.csproj", "{CF07BC6E-AA03-468D-B4CC-105E39AE64FD}"
EndProject
Project("{FAE04EC0-301F-11D3-BF4B-00C04F79EFBC}") = "03", "03\03.csproj", "{0F5BD361-7650-4780-B2DA-5AA59F0FD958}"
EndProject
Project("{FAE04EC0-301F-11D3-BF4B-00C04F79EFBC}") = "04", "04\04.csproj", "{21DBEC4C-FD92-4DD7-B018-A55F082C4F0A}"
EndProject
Global
	GlobalSection(SolutionConfigurationPlatforms) = preSolution
		Debug|Any CPU = Debug|Any CPU
		Release|Any CPU = Release|Any CPU
	EndGlobalSection
	GlobalSection(ProjectConfigurationPlatforms) = postSolution
		{07268FDF-56E9-4EBB-B263-3F643D8B7DEC}.Debug|Any CPU.ActiveCfg = Debug|Any CPU
		{07268FDF-56E9-4EBB-B263-3F643D8B7DEC}.Debug|Any CPU.Build.0 = Debug|Any CPU
		{07268FDF-56E9-4EBB-B263-3F643D8B7DEC}.Release|Any CPU.ActiveCfg = Release|Any CPU
		{07268FDF-56E9-4EBB-B263-3F643D8B7DEC}.Release|Any CPU.Build.0 = Release|Any CPU
		{CF07BC6E-AA03-468D-B4CC-105E39AE64FD}.Debug|Any CPU.ActiveCfg = Debug|Any CPU
		{CF07BC6E-AA03-468D-B4CC-105E39AE64FD}.Debug|Any CPU.Build.0 = Debug|Any CPU
		{CF07BC6E-AA03-468D-B4CC-105E39AE64FD}.Release|Any CPU.ActiveCfg = Release|Any CPU
		{CF07BC6E-AA03-468D-B4CC-105E39AE64FD}.Release|Any CPU.Build.0 = Release|Any CPU
		{0F5BD361-7650-4780-B2DA-5AA59F0FD958}.Debug|Any CPU.ActiveCfg = Debug|Any CPU
		{0F5BD361-7650-4780-B2DA-5AA59F0FD958}.Debug|Any CPU.Build.0 = Debug|Any CPU
		{0F5BD361-7650-4780-B2DA-5AA59F0FD958}.Release|Any CPU.ActiveCfg = Release|Any CPU
		{0F5BD361-7650-4780-B2DA-5AA59F0FD958}.Release|Any CPU.Build.0 = Release|Any CPU
		{21DBEC4C-FD92-4DD7-B018-A55F082C4F0A}.Debug|Any CPU.ActiveCfg = Debug|Any CPU
		{21DBEC4C-FD92-4DD7-B018-A55F082C4F0A}.Debug|Any CPU.Build.0 = Debug|Any CPU
		{21DBEC4C-FD92-4DD7-B018-A55F082C4F0A}.Release|Any CPU.ActiveCfg = Release|Any CPU
		{21DBEC4C-FD92-4DD7-B018-A55F082C4F0A}.Release|Any CPU.Build.0 = Release|Any CPU
	EndGlobalSection
	GlobalSection(SolutionProperties) = preSolution
		HideSolutionNode = FALSE
	EndGlobalSection
	GlobalSection(ExtensibilityGlobals) = postSolution
		SolutionGuid = {0672E11F-E7C8-48F0-B3C2-DE3D430B82E1}
	EndGlobalSection
EndGlobal
